# THIS IS AN AUTOGENERATED FILE. DO NOT EDIT THIS FILE DIRECTLY.
# yarn lockfile v1


"aac@0.1.x":
  "integrity" "sha1-61a2t7BzzIxDstsCfbrTMHPhSkg="
  "resolved" "https://registry.npmjs.org/aac/-/aac-0.1.3.tgz"
  "version" "0.1.3"

"abc@0.5.x":
  "integrity" "sha1-VuaktW7WkarakEmnrTiCWJLsYbM="
  "resolved" "https://registry.npmjs.org/abc/-/abc-0.5.1.tgz"
  "version" "0.5.1"

"accepts@~1.3.5":
  "integrity" "sha512-Il80Qs2WjYlJIBNzNkK6KYqlVMTbZLXgHx2oT0pU/fjRHyEp+PEfEPY0R3WCwAGVOtauxh1hOxNgIf5bv7dQpA=="
  "resolved" "https://registry.npmjs.org/accepts/-/accepts-1.3.7.tgz"
  "version" "1.3.7"
  dependencies:
    "mime-types" "~2.1.24"
    "negotiator" "0.6.2"

"acorn-globals@^1.0.3":
  "integrity" "sha1-VbtemGkVB7dFedBRNBMhfDgMVM8="
  "resolved" "https://registry.npmjs.org/acorn-globals/-/acorn-globals-1.0.9.tgz"
  "version" "1.0.9"
  dependencies:
    "acorn" "^2.1.0"

"acorn@^1.0.1":
  "integrity" "sha1-yM4n3grMdtiW0rH6099YjZ6C8BQ="
  "resolved" "https://registry.npmjs.org/acorn/-/acorn-1.2.2.tgz"
  "version" "1.2.2"

"acorn@^2.1.0":
  "integrity" "sha1-q259nYhqrKiwhbwzEreaGYQz8Oc="
  "resolved" "https://registry.npmjs.org/acorn/-/acorn-2.7.0.tgz"
  "version" "2.7.0"

"alac@0.1.x":
  "integrity" "sha1-2hvzvV0IAdAZ/DicTK+Mq4W6/RM="
  "resolved" "https://registry.npmjs.org/alac/-/alac-0.1.0.tgz"
  "version" "0.1.0"

"align-text@^0.1.1", "align-text@^0.1.3":
  "integrity" "sha1-DNkKVhCT810KmSVsIrcGlDP60Rc="
  "resolved" "https://registry.npmjs.org/align-text/-/align-text-0.1.4.tgz"
  "version" "0.1.4"
  dependencies:
    "kind-of" "^3.0.2"
    "longest" "^1.0.1"
    "repeat-string" "^1.5.2"

"amdefine@>=0.0.4":
  "integrity" "sha1-SlKCrBZHKek2Gbz9OtFR+BfOkfU="
  "resolved" "https://registry.npmjs.org/amdefine/-/amdefine-1.0.1.tgz"
  "version" "1.0.1"

"ansi-regex@^2.0.0":
  "integrity" "sha1-w7M6te42DYbg5ijwRorn7yfWVN8="
  "resolved" "https://registry.npmjs.org/ansi-regex/-/ansi-regex-2.1.1.tgz"
  "version" "2.1.1"

"ansi-styles@^2.2.1":
  "integrity" "sha1-tDLdM1i2NM914eRmQ2gkBTPB3b4="
  "resolved" "https://registry.npmjs.org/ansi-styles/-/ansi-styles-2.2.1.tgz"
  "version" "2.2.1"

"append-field@^1.0.0":
  "integrity" "sha1-HjRA6RXwsSA9I3SOeO3XubW0PlY="
  "resolved" "https://registry.npmjs.org/append-field/-/append-field-1.0.0.tgz"
  "version" "1.0.0"

"array-flatten@1.1.1":
  "integrity" "sha1-ml9pkFGx5wczKPKgCJaLZOopVdI="
  "resolved" "https://registry.npmjs.org/array-flatten/-/array-flatten-1.1.1.tgz"
  "version" "1.1.1"

"asap@~1.0.0":
  "integrity" "sha1-sqRdpf36ILBJb8N2jMJ8EvqRan0="
  "resolved" "https://registry.npmjs.org/asap/-/asap-1.0.0.tgz"
  "version" "1.0.0"

"asap@~2.0.3":
  "integrity" "sha1-5QNHYR1+aQlDIIu9r+vLwvuGbUY="
  "resolved" "https://registry.npmjs.org/asap/-/asap-2.0.6.tgz"
  "version" "2.0.6"

"assertion-error@1.0.0":
  "integrity" "sha1-x/hUOP3UZrx8oWq5DIFRN5el0js="
  "resolved" "https://registry.npmjs.org/assertion-error/-/assertion-error-1.0.0.tgz"
  "version" "1.0.0"

"async@0.2.x":
  "integrity" "sha1-trvgsGdLnXGXCMo43owjfLUmw9E="
  "resolved" "https://registry.npmjs.org/async/-/async-0.2.10.tgz"
  "version" "0.2.10"

"async@0.9.x":
  "integrity" "sha1-rqdNXmHB+JlhO/ZL2mbUx48v0X0="
  "resolved" "https://registry.npmjs.org/async/-/async-0.9.2.tgz"
  "version" "0.9.2"

"atob@^2.1.2":
  "integrity" "sha512-Wm6ukoaOGJi/73p/cl2GvLjTI5JM1k/O14isD73YML8StrH/7/lRFgmg8nICZgD3bZZvjwCGxtMOD3wWNAu8cg=="
  "resolved" "https://registry.npmjs.org/atob/-/atob-2.1.2.tgz"
  "version" "2.1.2"

"audiobuffer@0.2.x":
  "integrity" "sha1-fPLfMHAarBhDM+r56O47AYMMhho="
  "resolved" "https://registry.npmjs.org/audiobuffer/-/audiobuffer-0.2.0.tgz"
  "version" "0.2.0"
  dependencies:
    "underscore" "1.4.x"

"av@~0.4.0", "av@0.4.x":
  "integrity" "sha1-jHFl9zlYClQeyVBxQjSSs//cbiA="
  "resolved" "https://registry.npmjs.org/av/-/av-0.4.9.tgz"
  "version" "0.4.9"
  dependencies:
    "coffeeify" "^0.6.0"
  optionalDependencies:
    "speaker" "^0.3.0"

"barrage@^1.0.0":
  "integrity" "sha1-b1OEdlxGP3cYAS8WDczwM/xvw5Q="
  "resolved" "https://registry.npmjs.org/barrage/-/barrage-1.1.0.tgz"
  "version" "1.1.0"
  dependencies:
    "promise" "^6.0.0"

"basic-auth@~2.0.0":
  "integrity" "sha512-NF+epuEdnUYVlGuhaxbbq+dvJttwLnGY+YixlXlME5KpQ5W3CnXA5cVTneY3SPbPDRkcjMbifrwmFYcClgOZeg=="
  "resolved" "https://registry.npmjs.org/basic-auth/-/basic-auth-2.0.1.tgz"
  "version" "2.0.1"
  dependencies:
    "safe-buffer" "5.1.2"

"body-parser@1.18.3":
  "integrity" "sha1-WykhmP/dVTs6DyDe0FkrlWlVyLQ="
  "resolved" "https://registry.npmjs.org/body-parser/-/body-parser-1.18.3.tgz"
  "version" "1.18.3"
  dependencies:
    "bytes" "3.0.0"
    "content-type" "~1.0.4"
    "debug" "2.6.9"
    "depd" "~1.1.2"
    "http-errors" "~1.6.3"
    "iconv-lite" "0.4.23"
    "on-finished" "~2.3.0"
    "qs" "6.5.2"
    "raw-body" "2.3.3"
    "type-is" "~1.6.16"

"boolbase@~1.0.0":
  "integrity" "sha1-aN/1++YMUes3cl6p4+0xDcwed24="
  "resolved" "https://registry.npmjs.org/boolbase/-/boolbase-1.0.0.tgz"
  "version" "1.0.0"

"buffer-from@^1.0.0":
  "integrity" "sha512-E+XQCRwSbaaiChtv6k6Dwgc+bx+Bs6vuKJHHl5kox/BaKbhiXzqQOwK4cO22yElGp2OCmjwVhT3HmxgyPGnJfQ=="
  "resolved" "https://registry.npmjs.org/buffer-from/-/buffer-from-1.1.2.tgz"
  "version" "1.1.2"

"busboy@*":
  "integrity" "sha512-y7tTxhGKXcyBxRKAni+awqx8uqaJKrSFSNFSeRG5CsWNdmy2BIK+6VGWEW7TZnIO/533mtMEA4rOevQV815YJw=="
  "resolved" "https://registry.npmjs.org/busboy/-/busboy-0.3.1.tgz"
  "version" "0.3.1"
  dependencies:
    "dicer" "0.3.0"

"busboy@^0.2.11":
  "integrity" "sha1-bCpiLvz0fFe7vh4qnDetNseSVFM="
  "resolved" "https://registry.npmjs.org/busboy/-/busboy-0.2.14.tgz"
  "version" "0.2.14"
  dependencies:
    "dicer" "0.2.5"
    "readable-stream" "1.1.x"

"bytes@3.0.0":
  "integrity" "sha1-0ygVQE1olpn4Wk6k+odV3ROpYEg="
  "resolved" "https://registry.npmjs.org/bytes/-/bytes-3.0.0.tgz"
  "version" "3.0.0"

"camelcase@^1.0.2":
  "integrity" "sha1-m7UwTS4LVmmLLHWLCKPqqdqlijk="
  "resolved" "https://registry.npmjs.org/camelcase/-/camelcase-1.2.1.tgz"
  "version" "1.2.1"

"caseless@~0.11.0":
  "integrity" "sha1-cVuW6phBWTzDMGeSP17GDr2k99c="
  "resolved" "https://registry.npmjs.org/caseless/-/caseless-0.11.0.tgz"
  "version" "0.11.0"

"center-align@^0.1.1":
  "integrity" "sha1-qg0yYptu6XIgBBHL1EYckHvCt60="
  "resolved" "https://registry.npmjs.org/center-align/-/center-align-0.1.3.tgz"
  "version" "0.1.3"
  dependencies:
    "align-text" "^0.1.3"
    "lazy-cache" "^1.0.3"

"chai@1.7.x":
  "integrity" "sha1-ugfr1OGsE4opbN9pB3znS39KExc="
  "resolved" "https://registry.npmjs.org/chai/-/chai-1.7.2.tgz"
  "version" "1.7.2"
  dependencies:
    "assertion-error" "1.0.0"

"chalk@^1.1.0":
  "integrity" "sha1-qBFcVeSnAv5NFQq9OHKCKn4J/Jg="
  "resolved" "https://registry.npmjs.org/chalk/-/chalk-1.1.3.tgz"
  "version" "1.1.3"
  dependencies:
    "ansi-styles" "^2.2.1"
    "escape-string-regexp" "^1.0.2"
    "has-ansi" "^2.0.0"
    "strip-ansi" "^3.0.0"
    "supports-color" "^2.0.0"

"character-parser@1.2.1":
  "integrity" "sha1-wN3kqxgnE7kZuXCVmhI+zBow/NY="
  "resolved" "https://registry.npmjs.org/character-parser/-/character-parser-1.2.1.tgz"
  "version" "1.2.1"

"cheerio@^0.22.0":
  "integrity" "sha1-qbqoYKP5tZWmuBsahocxIe06Jp4="
  "resolved" "https://registry.npmjs.org/cheerio/-/cheerio-0.22.0.tgz"
  "version" "0.22.0"
  dependencies:
    "css-select" "~1.2.0"
    "dom-serializer" "~0.1.0"
    "entities" "~1.1.1"
    "htmlparser2" "^3.9.1"
    "lodash.assignin" "^4.0.9"
    "lodash.bind" "^4.1.4"
    "lodash.defaults" "^4.0.1"
    "lodash.filter" "^4.4.0"
    "lodash.flatten" "^4.2.0"
    "lodash.foreach" "^4.3.0"
    "lodash.map" "^4.4.0"
    "lodash.merge" "^4.4.0"
    "lodash.pick" "^4.2.1"
    "lodash.reduce" "^4.4.0"
    "lodash.reject" "^4.4.0"
    "lodash.some" "^4.4.0"

"clean-css@^3.1.9", "clean-css@^3.4.19":
  "integrity" "sha1-vxlF6C/ICPVWlebd6uwBQA79A/8="
  "resolved" "https://registry.npmjs.org/clean-css/-/clean-css-3.4.28.tgz"
  "version" "3.4.28"
  dependencies:
    "commander" "2.8.x"
    "source-map" "0.4.x"

"cliui@^2.1.0":
  "integrity" "sha1-S0dXYP+AJkx2LDoXGQMukcf+oNE="
  "resolved" "https://registry.npmjs.org/cliui/-/cliui-2.1.0.tgz"
  "version" "2.1.0"
  dependencies:
    "center-align" "^0.1.1"
    "right-align" "^0.1.1"
    "wordwrap" "0.0.2"

"coffee-script@~1.7.0":
  "integrity" "sha1-YplqhheAx15tUGnROCJyO3NAS/w="
  "resolved" "https://registry.npmjs.org/coffee-script/-/coffee-script-1.7.1.tgz"
  "version" "1.7.1"
  dependencies:
    "mkdirp" "~0.3.5"

"coffeeify@^0.6.0":
  "integrity" "sha1-dcq6my6Sx4NskkZciDtqzJ2JRlI="
  "resolved" "https://registry.npmjs.org/coffeeify/-/coffeeify-0.6.0.tgz"
  "version" "0.6.0"
  dependencies:
    "coffee-script" "~1.7.0"
    "convert-source-map" "~0.3.3"
    "through" "~2.3.4"

"commander@~2.6.0":
  "integrity" "sha1-nfflL7Kgyw+4kFjugMMQQiXzfh0="
  "resolved" "https://registry.npmjs.org/commander/-/commander-2.6.0.tgz"
  "version" "2.6.0"

"commander@2.8.x":
  "integrity" "sha1-Br42f+v9oMMwqh4qBy09yXYkJdQ="
  "resolved" "https://registry.npmjs.org/commander/-/commander-2.8.1.tgz"
  "version" "2.8.1"
  dependencies:
    "graceful-readlink" ">= 1.0.0"

"concat-stream@^1.4.6", "concat-stream@^1.4.7", "concat-stream@^1.5.2":
  "integrity" "sha512-27HBghJxjiZtIk3Ycvn/4kbJk/1uZuJFfuPEns6LaEvpvG1f0hTea8lilrouyo9mVc2GWdcEZ8OLoGmSADlrCw=="
  "resolved" "https://registry.npmjs.org/concat-stream/-/concat-stream-1.6.2.tgz"
  "version" "1.6.2"
  dependencies:
    "buffer-from" "^1.0.0"
    "inherits" "^2.0.3"
    "readable-stream" "^2.2.2"
    "typedarray" "^0.0.6"

"connect-busboy@^0.0.2":
  "integrity" "sha1-rFyclmchcYheV2xmsr/ZXTuxEJc="
  "resolved" "https://registry.npmjs.org/connect-busboy/-/connect-busboy-0.0.2.tgz"
  "version" "0.0.2"
  dependencies:
    "busboy" "*"

"constantinople@~3.0.1":
  "integrity" "sha1-S5RdmTeQe82Y7ldRIsOBdRZUQUE="
  "resolved" "https://registry.npmjs.org/constantinople/-/constantinople-3.0.2.tgz"
  "version" "3.0.2"
  dependencies:
    "acorn" "^2.1.0"

"content-disposition@0.5.2":
  "integrity" "sha1-DPaLud318r55YcOoUXjLhdunjLQ="
  "resolved" "https://registry.npmjs.org/content-disposition/-/content-disposition-0.5.2.tgz"
  "version" "0.5.2"

"content-type@~1.0.4":
  "integrity" "sha512-hIP3EEPs8tB9AT1L+NUqtwOAps4mk2Zob89MWXMHjHWg9milF/j4osnnQLXBCBFBk/tvIG/tUc9mOUJiPBhPXA=="
  "resolved" "https://registry.npmjs.org/content-type/-/content-type-1.0.4.tgz"
  "version" "1.0.4"

"convert-source-map@~0.3.3":
  "integrity" "sha1-8dgClQr33SYxof6+BZZVDIarMZA="
  "resolved" "https://registry.npmjs.org/convert-source-map/-/convert-source-map-0.3.5.tgz"
  "version" "0.3.5"

"cookie-parser@~1.4.4":
  "integrity" "sha512-z3IzaNjdwUC2olLIB5/ITd0/setiaFMLYiZJle7xg5Fe9KWAceil7xszYfHHBtDFYLSgJduS2Ty0P1uJdPDJeA=="
  "resolved" "https://registry.npmjs.org/cookie-parser/-/cookie-parser-1.4.6.tgz"
  "version" "1.4.6"
  dependencies:
    "cookie" "0.4.1"
    "cookie-signature" "1.0.6"

"cookie-signature@1.0.6":
  "integrity" "sha1-4wOogrNCzD7oylE6eZmXNNqzriw="
  "resolved" "https://registry.npmjs.org/cookie-signature/-/cookie-signature-1.0.6.tgz"
  "version" "1.0.6"

"cookie@0.3.1":
  "integrity" "sha1-5+Ch+e9DtMi6klxcWpboBtFoc7s="
  "resolved" "https://registry.npmjs.org/cookie/-/cookie-0.3.1.tgz"
  "version" "0.3.1"

"cookie@0.4.1":
  "integrity" "sha512-ZwrFkGJxUR3EIoXtO+yVE69Eb7KlixbaeAWfBQB9vVsNn/o+Yw69gBWSSDK825hQNdN+wF8zELf3dFNl/kxkUA=="
  "resolved" "https://registry.npmjs.org/cookie/-/cookie-0.4.1.tgz"
  "version" "0.4.1"

"core-util-is@~1.0.0":
  "integrity" "sha512-ZQBvi1DcpJ4GDqanjucZ2Hj3wEO5pZDS89BWbkcrvdxksJorwUDDZamX9ldFkp9aw2lmBDLgkObEA4DWNJ9FYQ=="
  "resolved" "https://registry.npmjs.org/core-util-is/-/core-util-is-1.0.3.tgz"
  "version" "1.0.3"

"cors@^2.8.5":
  "integrity" "sha512-KIHbLJqu73RGr/hnbrO9uBeixNGuvSQjul/jdFvS/KFSIH1hWVd1ng7zOHx+YrEfInLG7q4n6GHQ9cDtxv/P6g=="
  "resolved" "https://registry.npmjs.org/cors/-/cors-2.8.5.tgz"
  "version" "2.8.5"
  dependencies:
    "object-assign" "^4"
    "vary" "^1"

"css-parse@~1.7.0":
  "integrity" "sha1-Mh9s9zeCpv91ERE5D8BeLGV9jJs="
  "resolved" "https://registry.npmjs.org/css-parse/-/css-parse-1.7.0.tgz"
  "version" "1.7.0"

"css-parse@1.0.4":
  "integrity" "sha1-OLBQP7+dqfVOnB29pg4UXHcRe90="
  "resolved" "https://registry.npmjs.org/css-parse/-/css-parse-1.0.4.tgz"
  "version" "1.0.4"

"css-select@~1.2.0":
  "integrity" "sha1-KzoRBTnFNV8c2NMUYj6HCxIeyFg="
  "resolved" "https://registry.npmjs.org/css-select/-/css-select-1.2.0.tgz"
  "version" "1.2.0"
  dependencies:
    "boolbase" "~1.0.0"
    "css-what" "2.1"
    "domutils" "1.5.1"
    "nth-check" "~1.0.1"

"css-stringify@1.0.5":
  "integrity" "sha1-sNBClG2ylTu50pKQCmy19tASIDE="
  "resolved" "https://registry.npmjs.org/css-stringify/-/css-stringify-1.0.5.tgz"
  "version" "1.0.5"

"css-what@2.1":
  "integrity" "sha512-a+EPoD+uZiNfh+5fxw2nO9QwFa6nJe2Or35fGY6Ipw1R3R4AGz1d1TEZrCegvw2YTmZ0jXirGYlzxxpYSHwpEg=="
  "resolved" "https://registry.npmjs.org/css-what/-/css-what-2.1.3.tgz"
  "version" "2.1.3"

"css@^2.1.0":
  "integrity" "sha512-oUnjmWpy0niI3x/mPL8dVEI1l7MnG3+HHyRPHf+YFSbK+svOhXpmSOcDURUh2aOCgl2grzrOPt1nHLuCVFULLw=="
  "resolved" "https://registry.npmjs.org/css/-/css-2.2.4.tgz"
  "version" "2.2.4"
  dependencies:
    "inherits" "^2.0.3"
    "source-map" "^0.6.1"
    "source-map-resolve" "^0.5.2"
    "urix" "^0.1.0"

"css@~1.0.8":
  "integrity" "sha1-k4aBHKgrzMnuf7WnMrHioxfIo+c="
  "resolved" "https://registry.npmjs.org/css/-/css-1.0.8.tgz"
  "version" "1.0.8"
  dependencies:
    "css-parse" "1.0.4"
    "css-stringify" "1.0.5"

"cssdeps@^1.0.0":
  "integrity" "sha1-VVul//WpqhHxh9WAdjf/YxX19V0="
  "resolved" "https://registry.npmjs.org/cssdeps/-/cssdeps-1.0.0.tgz"
  "version" "1.0.0"
  dependencies:
    "css-parse" "~1.7.0"

"debug@~2.6.9", "debug@2.6.9":
  "integrity" "sha512-bC7ElrdJaJnPbAP+1EotYvqZsb3ecl5wi6Bfi6BJTUcNowp6cvspg0jXznRTKDjm/E7AdgFBVeAPVMNcKGsHMA=="
  "resolved" "https://registry.npmjs.org/debug/-/debug-2.6.9.tgz"
  "version" "2.6.9"
  dependencies:
    "ms" "2.0.0"

"decamelize@^1.0.0":
  "integrity" "sha1-9lNNFRSCabIDUue+4m9QH5oZEpA="
  "resolved" "https://registry.npmjs.org/decamelize/-/decamelize-1.2.0.tgz"
  "version" "1.2.0"

"decode-uri-component@^0.2.0":
  "integrity" "sha1-6zkTMzRYd1y4TNGh+uBiEGu4dUU="
  "resolved" "https://registry.npmjs.org/decode-uri-component/-/decode-uri-component-0.2.0.tgz"
  "version" "0.2.0"

"depd@~1.1.2":
  "integrity" "sha1-m81S4UwJd2PnSbJ0xDRu0uVgtak="
  "resolved" "https://registry.npmjs.org/depd/-/depd-1.1.2.tgz"
  "version" "1.1.2"

"destroy@~1.0.4":
  "integrity" "sha1-l4hXRCxEdJ5CBmE+N5RiBYJqvYA="
  "resolved" "https://registry.npmjs.org/destroy/-/destroy-1.0.4.tgz"
  "version" "1.0.4"

"dicer@0.2.5":
  "integrity" "sha1-WZbAhrszIYyBLAkL3cCc0S+stw8="
  "resolved" "https://registry.npmjs.org/dicer/-/dicer-0.2.5.tgz"
  "version" "0.2.5"
  dependencies:
    "readable-stream" "1.1.x"
    "streamsearch" "0.1.2"

"dicer@0.3.0":
  "integrity" "sha512-MdceRRWqltEG2dZqO769g27N/3PXfcKl04VhYnBlo2YhH7zPi88VebsjTKclaOyiuMaGU72hTfw3VkUitGcVCA=="
  "resolved" "https://registry.npmjs.org/dicer/-/dicer-0.3.0.tgz"
  "version" "0.3.0"
  dependencies:
    "streamsearch" "0.1.2"

"dom-serializer@~0.1.0", "dom-serializer@0":
  "integrity" "sha512-l0IU0pPzLWSHBcieZbpOKgkIn3ts3vAh7ZuFyXNwJxJXk/c4Gwj9xaTJwIDVQCXawWD0qb3IzMGH5rglQaO0XA=="
  "resolved" "https://registry.npmjs.org/dom-serializer/-/dom-serializer-0.1.1.tgz"
  "version" "0.1.1"
  dependencies:
    "domelementtype" "^1.3.0"
    "entities" "^1.1.1"

"domelementtype@^1.3.0", "domelementtype@^1.3.1", "domelementtype@1":
  "integrity" "sha512-BSKB+TSpMpFI/HOxCNr1O8aMOTZ8hT3pM3GQ0w/mWRmkhEDSFJkkyzz4XQsBV44BChwGkrDfMyjVD0eA2aFV3w=="
  "resolved" "https://registry.npmjs.org/domelementtype/-/domelementtype-1.3.1.tgz"
  "version" "1.3.1"

"domhandler@^2.3.0":
  "integrity" "sha512-JiK04h0Ht5u/80fdLMCEmV4zkNh2BcoMFBmZ/91WtYZ8qVXSKjiw7fXMgFPnHcSZgOo3XdinHvmnDUeMf5R4wA=="
  "resolved" "https://registry.npmjs.org/domhandler/-/domhandler-2.4.2.tgz"
  "version" "2.4.2"
  dependencies:
    "domelementtype" "1"

"domhandler@2.0":
  "integrity" "sha1-iJ+N9iZAOvB4jinWbV1cb36/D9Y="
  "resolved" "https://registry.npmjs.org/domhandler/-/domhandler-2.0.3.tgz"
  "version" "2.0.3"
  dependencies:
    "domelementtype" "1"

"domutils@^1.5.1", "domutils@1.5.1":
  "integrity" "sha1-3NhIiib1Y9YQeeSMn3t+Mjc2gs8="
  "resolved" "https://registry.npmjs.org/domutils/-/domutils-1.5.1.tgz"
  "version" "1.5.1"
  dependencies:
    "dom-serializer" "0"
    "domelementtype" "1"

"domutils@1.1":
  "integrity" "sha1-vdw94Jm5ou+sxRxiPyj0FuzFdIU="
  "resolved" "https://registry.npmjs.org/domutils/-/domutils-1.1.6.tgz"
  "version" "1.1.6"
  dependencies:
    "domelementtype" "1"

"ee-first@1.1.1":
  "integrity" "sha1-WQxhFWsK4vTwJVcyoViyZrxWsh0="
  "resolved" "https://registry.npmjs.org/ee-first/-/ee-first-1.1.1.tgz"
  "version" "1.1.1"

"encodeurl@~1.0.2":
  "integrity" "sha1-rT/0yG7C0CkyL1oCw6mmBslbP1k="
  "resolved" "https://registry.npmjs.org/encodeurl/-/encodeurl-1.0.2.tgz"
  "version" "1.0.2"

"entities@^1.1.1", "entities@~1.1.1":
  "integrity" "sha512-f2LZMYl1Fzu7YSBKg+RoROelpOaNrcGmE9AZubeDfrCEia483oW4MI4VyFd5VNHIgQ/7qm1I0wUHK1eJnn2y2w=="
  "resolved" "https://registry.npmjs.org/entities/-/entities-1.1.2.tgz"
  "version" "1.1.2"

"escape-html@~1.0.3":
  "integrity" "sha1-Aljq5NPQwJdN4cFpGI7wBR0dGYg="
  "resolved" "https://registry.npmjs.org/escape-html/-/escape-html-1.0.3.tgz"
  "version" "1.0.3"

"escape-string-regexp@^1.0.2", "escape-string-regexp@^1.0.5":
  "integrity" "sha1-G2HAViGQqN/2rjuyzwIAyhMLhtQ="
  "resolved" "https://registry.npmjs.org/escape-string-regexp/-/escape-string-regexp-1.0.5.tgz"
  "version" "1.0.5"

"etag@~1.8.1":
  "integrity" "sha1-Qa4u62XvpiJorr/qg6x9eSmbCIc="
  "resolved" "https://registry.npmjs.org/etag/-/etag-1.8.1.tgz"
  "version" "1.8.1"

"express@~4.16.1":
  "integrity" "sha512-j12Uuyb4FMrd/qQAm6uCHAkPtO8FDTRJZBDd5D2KOL2eLaz1yUNdUB/NOIyq0iU4q4cFarsUCrnFDPBcnksuOg=="
  "resolved" "https://registry.npmjs.org/express/-/express-4.16.4.tgz"
  "version" "4.16.4"
  dependencies:
    "accepts" "~1.3.5"
    "array-flatten" "1.1.1"
    "body-parser" "1.18.3"
    "content-disposition" "0.5.2"
    "content-type" "~1.0.4"
    "cookie" "0.3.1"
    "cookie-signature" "1.0.6"
    "debug" "2.6.9"
    "depd" "~1.1.2"
    "encodeurl" "~1.0.2"
    "escape-html" "~1.0.3"
    "etag" "~1.8.1"
    "finalhandler" "1.1.1"
    "fresh" "0.5.2"
    "merge-descriptors" "1.0.1"
    "methods" "~1.1.2"
    "on-finished" "~2.3.0"
    "parseurl" "~1.3.2"
    "path-to-regexp" "0.1.7"
    "proxy-addr" "~2.0.4"
    "qs" "6.5.2"
    "range-parser" "~1.2.0"
    "safe-buffer" "5.1.2"
    "send" "0.16.2"
    "serve-static" "1.13.2"
    "setprototypeof" "1.1.0"
    "statuses" "~1.4.0"
    "type-is" "~1.6.16"
    "utils-merge" "1.0.1"
    "vary" "~1.1.2"

"figures@^1.3.3":
  "integrity" "sha1-y+Hjr/zxzUS4DK3+0o3Hk6lwHS4="
  "resolved" "https://registry.npmjs.org/figures/-/figures-1.7.0.tgz"
  "version" "1.7.0"
  dependencies:
    "escape-string-regexp" "^1.0.5"
    "object-assign" "^4.1.0"

"filereader@^0.10.3":
  "integrity" "sha1-x0fUos2PYeVBinwH/hJXpD8KzbE="
  "resolved" "https://registry.npmjs.org/filereader/-/filereader-0.10.3.tgz"
  "version" "0.10.3"

"finalhandler@1.1.1":
  "integrity" "sha512-Y1GUDo39ez4aHAw7MysnUD5JzYX+WaIj8I57kO3aEPT1fFRL4sr7mjei97FgnwhAyyzRYmQZaTHb2+9uZ1dPtg=="
  "resolved" "https://registry.npmjs.org/finalhandler/-/finalhandler-1.1.1.tgz"
  "version" "1.1.1"
  dependencies:
    "debug" "2.6.9"
    "encodeurl" "~1.0.2"
    "escape-html" "~1.0.3"
    "on-finished" "~2.3.0"
    "parseurl" "~1.3.2"
    "statuses" "~1.4.0"
    "unpipe" "~1.0.0"

"flac@0.3.x":
  "integrity" "sha1-5Z5BDDtIVqyX/1iKH1QwSsMYkzw="
  "resolved" "https://registry.npmjs.org/flac/-/flac-0.3.0.tgz"
  "version" "0.3.0"
  dependencies:
    "abc" "0.5.x"
    "fsa" "0.5.x"

"forwarded@0.2.0":
  "integrity" "sha512-buRG0fpBtRHSTCOASe6hD258tEubFoRLb4ZNA6NxMVHNw2gOcwHo9wyablzMzOA5z9xA9L1KNjk/Nt6MT9aYow=="
  "resolved" "https://registry.npmjs.org/forwarded/-/forwarded-0.2.0.tgz"
  "version" "0.2.0"

"fresh@0.5.2":
  "integrity" "sha1-PYyt2Q2XZWn6g1qx+OSyOhBWBac="
  "resolved" "https://registry.npmjs.org/fresh/-/fresh-0.5.2.tgz"
  "version" "0.5.2"

"fsa@0.5.x":
  "integrity" "sha1-xVUsgFY92gL4xoPsrJ9XwZUWE9s="
  "resolved" "https://registry.npmjs.org/fsa/-/fsa-0.5.1.tgz"
  "version" "0.5.1"

"graceful-readlink@>= 1.0.0":
  "integrity" "sha1-TK+tdrxi8C+gObL5Tpo906ORpyU="
  "resolved" "https://registry.npmjs.org/graceful-readlink/-/graceful-readlink-1.0.1.tgz"
  "version" "1.0.1"

"has-ansi@^2.0.0":
  "integrity" "sha1-NPUEnOHs3ysGSa8+8k5F7TVBbZE="
  "resolved" "https://registry.npmjs.org/has-ansi/-/has-ansi-2.0.0.tgz"
  "version" "2.0.0"
  dependencies:
    "ansi-regex" "^2.0.0"

"htmldeps@^1.1.0":
  "integrity" "sha1-TzWaXr+SoRgCiEvfEhAh9oI9Oyo="
  "resolved" "https://registry.npmjs.org/htmldeps/-/htmldeps-1.1.0.tgz"
  "version" "1.1.0"
  dependencies:
    "htmlparser2" "~3.1.3"

"htmlparser2@^3.9.1":
  "integrity" "sha512-IgieNijUMbkDovyoKObU1DUhm1iwNYE/fuifEoEHfd1oZKZDaONBSkal7Y01shxsM49R4XaMdGez3WnF9UfiCQ=="
  "resolved" "https://registry.npmjs.org/htmlparser2/-/htmlparser2-3.10.1.tgz"
  "version" "3.10.1"
  dependencies:
    "domelementtype" "^1.3.1"
    "domhandler" "^2.3.0"
    "domutils" "^1.5.1"
    "entities" "^1.1.1"
    "inherits" "^2.0.1"
    "readable-stream" "^3.1.1"

"htmlparser2@~3.1.3":
  "integrity" "sha1-8A39HiXfxkAckEvSKb0/vn3WHXU="
  "resolved" "https://registry.npmjs.org/htmlparser2/-/htmlparser2-3.1.6.tgz"
  "version" "3.1.6"
  dependencies:
    "domelementtype" "1"
    "domhandler" "2.0"
    "domutils" "1.1"
    "readable-stream" "1.0"

"http-basic@^2.5.1":
  "integrity" "sha1-jORHvbW2xXf4pj4/p4BW7Eu02/s="
  "resolved" "https://registry.npmjs.org/http-basic/-/http-basic-2.5.1.tgz"
  "version" "2.5.1"
  dependencies:
    "caseless" "~0.11.0"
    "concat-stream" "^1.4.6"
    "http-response-object" "^1.0.0"

"http-errors@~1.6.2", "http-errors@~1.6.3", "http-errors@1.6.3":
  "integrity" "sha1-i1VoC7S+KDoLW/TqLjhYC+HZMg0="
  "resolved" "https://registry.npmjs.org/http-errors/-/http-errors-1.6.3.tgz"
  "version" "1.6.3"
  dependencies:
    "depd" "~1.1.2"
    "inherits" "2.0.3"
    "setprototypeof" "1.1.0"
    "statuses" ">= 1.4.0 < 2"

"http-response-object@^1.0.0", "http-response-object@^1.1.0":
  "integrity" "sha1-p8TnWq6C87tJBOT0P2FWc7TVGMM="
  "resolved" "https://registry.npmjs.org/http-response-object/-/http-response-object-1.1.0.tgz"
  "version" "1.1.0"

"iconv-lite@0.4.23":
  "integrity" "sha512-neyTUVFtahjf0mB3dZT77u+8O0QB89jFdnBkd5P1JgYPbPaia3gXXOVL2fq8VyU2gMMD7SaN7QukTB/pmXYvDA=="
  "resolved" "https://registry.npmjs.org/iconv-lite/-/iconv-lite-0.4.23.tgz"
  "version" "0.4.23"
  dependencies:
    "safer-buffer" ">= 2.1.2 < 3"

"inherits@^2.0.1", "inherits@^2.0.3", "inherits@~2.0.1", "inherits@~2.0.3", "inherits@2.0.3":
  "integrity" "sha1-Yzwsg+PaQqUC9SRmAiSA9CCCYd4="
  "resolved" "https://registry.npmjs.org/inherits/-/inherits-2.0.3.tgz"
  "version" "2.0.3"

"ipaddr.js@1.9.1":
  "integrity" "sha512-0KI/607xoxSToH7GjN1FfSbLoU0+btTicjsQSWQlh/hZykN8KpmMf7uYwPW3R+akZ6R/w18ZlXSHBYXiYUPO3g=="
  "resolved" "https://registry.npmjs.org/ipaddr.js/-/ipaddr.js-1.9.1.tgz"
  "version" "1.9.1"

"is-buffer@^1.1.5":
  "integrity" "sha512-NcdALwpXkTm5Zvvbk7owOUSvVvBKDgKP5/ewfXEznmQFfs4ZRmanOeKBTjRVjka3QFoN6XJ+9F3USqfHqTaU5w=="
  "resolved" "https://registry.npmjs.org/is-buffer/-/is-buffer-1.1.6.tgz"
  "version" "1.1.6"

"is-promise@^2.0.0":
  "integrity" "sha512-+lP4/6lKUBfQjZ2pdxThZvLUAafmZb8OAxFb8XXtiQmS35INgr85hdOGoEs124ez1FCnZJt6jau/T+alh58QFQ=="
  "resolved" "https://registry.npmjs.org/is-promise/-/is-promise-2.2.2.tgz"
  "version" "2.2.2"

"is-promise@~1":
  "integrity" "sha1-MVc3YcBX4zwukaq56W2gjO++duU="
  "resolved" "https://registry.npmjs.org/is-promise/-/is-promise-1.0.1.tgz"
  "version" "1.0.1"

"isarray@~1.0.0":
  "integrity" "sha1-u5NdSFgsuhaMBoNJV6VKPgcSTxE="
  "resolved" "https://registry.npmjs.org/isarray/-/isarray-1.0.0.tgz"
  "version" "1.0.0"

"isarray@0.0.1":
  "integrity" "sha1-ihis/Kmo9Bd+Cav8YDiTmwXR7t8="
  "resolved" "https://registry.npmjs.org/isarray/-/isarray-0.0.1.tgz"
  "version" "0.0.1"

"jade@~1.11.0":
  "integrity" "sha1-nIDlOMEtP7lcjZu5VZ+gzAQEBf0="
  "resolved" "https://registry.npmjs.org/jade/-/jade-1.11.0.tgz"
  "version" "1.11.0"
  dependencies:
    "character-parser" "1.2.1"
    "clean-css" "^3.1.9"
    "commander" "~2.6.0"
    "constantinople" "~3.0.1"
    "jstransformer" "0.0.2"
    "mkdirp" "~0.5.0"
    "transformers" "2.1.0"
    "uglify-js" "^2.4.19"
    "void-elements" "~2.0.1"
    "with" "~4.0.0"

"jstransformer@0.0.2":
  "integrity" "sha1-eq4pqQPRls+glz2IXT5HlH7Ndqs="
  "resolved" "https://registry.npmjs.org/jstransformer/-/jstransformer-0.0.2.tgz"
  "version" "0.0.2"
  dependencies:
    "is-promise" "^2.0.0"
    "promise" "^6.0.1"

"kind-of@^3.0.2":
  "integrity" "sha1-MeohpzS6ubuw8yRm2JOupR5KPGQ="
  "resolved" "https://registry.npmjs.org/kind-of/-/kind-of-3.2.2.tgz"
  "version" "3.2.2"
  dependencies:
    "is-buffer" "^1.1.5"

"lazy-cache@^1.0.3":
  "integrity" "sha1-odePw6UEdMuAhF07O24dpJpEbo4="
  "resolved" "https://registry.npmjs.org/lazy-cache/-/lazy-cache-1.0.4.tgz"
  "version" "1.0.4"

"lodash.assignin@^4.0.9":
  "integrity" "sha1-uo31+4QesKPoBEIysOJjqNxqKKI="
  "resolved" "https://registry.npmjs.org/lodash.assignin/-/lodash.assignin-4.2.0.tgz"
  "version" "4.2.0"

"lodash.bind@^4.1.4":
  "integrity" "sha1-euMBfpOWIqwxt9fX3LGzTbFpDTU="
  "resolved" "https://registry.npmjs.org/lodash.bind/-/lodash.bind-4.2.1.tgz"
  "version" "4.2.1"

"lodash.defaults@^4.0.1":
  "integrity" "sha1-0JF4cW/+pN3p5ft7N/bwgCJ0WAw="
  "resolved" "https://registry.npmjs.org/lodash.defaults/-/lodash.defaults-4.2.0.tgz"
  "version" "4.2.0"

"lodash.filter@^4.4.0":
  "integrity" "sha1-ZosdSYFgOuHMWm+nYBQ+SAtMSs4="
  "resolved" "https://registry.npmjs.org/lodash.filter/-/lodash.filter-4.6.0.tgz"
  "version" "4.6.0"

"lodash.flatten@^4.2.0":
  "integrity" "sha1-8xwiIlqWMtK7+OSt2+8kCqdlph8="
  "resolved" "https://registry.npmjs.org/lodash.flatten/-/lodash.flatten-4.4.0.tgz"
  "version" "4.4.0"

"lodash.foreach@^4.3.0":
  "integrity" "sha1-Gmo16s5AEoDH8G3d7DUWWrJ+PlM="
  "resolved" "https://registry.npmjs.org/lodash.foreach/-/lodash.foreach-4.5.0.tgz"
  "version" "4.5.0"

"lodash.map@^4.4.0":
  "integrity" "sha1-dx7Hg540c9nEzeKLGTlMNWL09tM="
  "resolved" "https://registry.npmjs.org/lodash.map/-/lodash.map-4.6.0.tgz"
  "version" "4.6.0"

"lodash.merge@^4.4.0":
  "integrity" "sha512-0KpjqXRVvrYyCsX1swR/XTK0va6VQkQM6MNo7PqW77ByjAhoARA8EfrP1N4+KlKj8YS0ZUCtRT/YUuhyYDujIQ=="
  "resolved" "https://registry.npmjs.org/lodash.merge/-/lodash.merge-4.6.2.tgz"
  "version" "4.6.2"

"lodash.pick@^4.2.1":
  "integrity" "sha1-UvBWEP/53tQiYRRB7R/BI6AwAbM="
  "resolved" "https://registry.npmjs.org/lodash.pick/-/lodash.pick-4.4.0.tgz"
  "version" "4.4.0"

"lodash.reduce@^4.4.0":
  "integrity" "sha1-8atrg5KZrUj3hKu/R2WW8DuRTTs="
  "resolved" "https://registry.npmjs.org/lodash.reduce/-/lodash.reduce-4.6.0.tgz"
  "version" "4.6.0"

"lodash.reject@^4.4.0":
  "integrity" "sha1-gNZJLcFHCGS79YNTO2UfQqn1JBU="
  "resolved" "https://registry.npmjs.org/lodash.reject/-/lodash.reject-4.6.0.tgz"
  "version" "4.6.0"

"lodash.some@^4.4.0":
  "integrity" "sha1-G7nzFO9ri63tE7VJFpsqlF62jk0="
  "resolved" "https://registry.npmjs.org/lodash.some/-/lodash.some-4.6.0.tgz"
  "version" "4.6.0"

"longest@^1.0.1":
  "integrity" "sha1-MKCy2jj3N3DoKUoNIuZiXtd9AJc="
  "resolved" "https://registry.npmjs.org/longest/-/longest-1.0.1.tgz"
  "version" "1.0.1"

"media-typer@0.3.0":
  "integrity" "sha1-hxDXrwqmJvj/+hzgAWhUUmMlV0g="
  "resolved" "https://registry.npmjs.org/media-typer/-/media-typer-0.3.0.tgz"
  "version" "0.3.0"

"merge-descriptors@1.0.1":
  "integrity" "sha1-sAqqVW3YtEVoFQ7J0blT8/kMu2E="
  "resolved" "https://registry.npmjs.org/merge-descriptors/-/merge-descriptors-1.0.1.tgz"
  "version" "1.0.1"

"methods@~1.1.2":
  "integrity" "sha1-VSmk1nZUE07cxSZmVoNbD4Ua/O4="
  "resolved" "https://registry.npmjs.org/methods/-/methods-1.1.2.tgz"
  "version" "1.1.2"

"mime-db@1.51.0":
  "integrity" "sha512-5y8A56jg7XVQx2mbv1lu49NR4dokRnhZYTtL+KGfaa27uq4pSTXkwQkFJl4pkRMyNFz/EtYDSkiiEHx3F7UN6g=="
  "resolved" "https://registry.npmjs.org/mime-db/-/mime-db-1.51.0.tgz"
  "version" "1.51.0"

"mime-types@~2.1.24":
  "integrity" "sha512-6cP692WwGIs9XXdOO4++N+7qjqv0rqxxVvJ3VHPh/Sc9mVZcQP+ZGhkKiTvWMQRr2tbHkJP/Yn7Y0npb3ZBs4A=="
  "resolved" "https://registry.npmjs.org/mime-types/-/mime-types-2.1.34.tgz"
  "version" "2.1.34"
  dependencies:
    "mime-db" "1.51.0"

"mime@1.4.1":
  "integrity" "sha512-KI1+qOZu5DcW6wayYHSzR/tXKCDC5Om4s1z2QJjDULzLcmf3DvzS7oluY4HCTrc+9FiKmWUgeNLg7W3uIQvxtQ=="
  "resolved" "https://registry.npmjs.org/mime/-/mime-1.4.1.tgz"
  "version" "1.4.1"

"minimist@^1.2.5":
  "integrity" "sha512-FM9nNUYrRBAELZQT3xeZQ7fmMOBg6nWNmJKTcgsJeaLstP/UODVpGsr5OhXhhXg6f+qtJ8uiZ+PUxkDWcgIXLw=="
  "resolved" "https://registry.npmjs.org/minimist/-/minimist-1.2.5.tgz"
  "version" "1.2.5"

"mkdirp@^0.5.1", "mkdirp@^0.5.4", "mkdirp@~0.5.0":
  "integrity" "sha512-NKmAlESf6jMGym1++R0Ra7wvhV+wFW63FaSOFPwRahvea0gMUcGUhVeAg/0BC0wiv9ih5NYPB1Wn1UEI1/L+xQ=="
  "resolved" "https://registry.npmjs.org/mkdirp/-/mkdirp-0.5.5.tgz"
  "version" "0.5.5"
  dependencies:
    "minimist" "^1.2.5"

"mkdirp@~0.3.5":
  "integrity" "sha1-3j5fiWHIjHh+4TaN+EmsRBPsqNc="
  "resolved" "https://registry.npmjs.org/mkdirp/-/mkdirp-0.3.5.tgz"
  "version" "0.3.5"

"morgan@~1.9.1":
  "integrity" "sha512-HQStPIV4y3afTiCYVxirakhlCfGkI161c76kKFca7Fk1JusM//Qeo1ej2XaMniiNeaZklMVrh3vTtIzpzwbpmA=="
  "resolved" "https://registry.npmjs.org/morgan/-/morgan-1.9.1.tgz"
  "version" "1.9.1"
  dependencies:
    "basic-auth" "~2.0.0"
    "debug" "2.6.9"
    "depd" "~1.1.2"
    "on-finished" "~2.3.0"
    "on-headers" "~1.0.1"

"mp3-cutter@^1.0.6":
  "integrity" "sha512-5lEKhu9BFcf/9hZaiwGI5EFjL+ynwM9+IaDzxLTKgvG/JWJHLQgX65Xa/kOJgjJMNT1tuUkjpbjaiB735LFiyg=="
  "resolved" "https://registry.npmjs.org/mp3-cutter/-/mp3-cutter-1.0.6.tgz"
  "version" "1.0.6"

"mp3@0.1.x":
  "integrity" "sha1-5T5HI+NGmO4//dzbYL+INWpJEME="
  "resolved" "https://registry.npmjs.org/mp3/-/mp3-0.1.0.tgz"
  "version" "0.1.0"

"ms@2.0.0":
  "integrity" "sha1-VgiurfwAvmwpAd9fmGF4jeDVl8g="
  "resolved" "https://registry.npmjs.org/ms/-/ms-2.0.0.tgz"
  "version" "2.0.0"

"multer@^1.4.3":
  "integrity" "sha512-np0YLKncuZoTzufbkM6wEKp68EhWJXcU6fq6QqrSwkckd2LlMgd1UqhUJLj6NS/5sZ8dE8LYDWslsltJznnXlg=="
  "resolved" "https://registry.npmjs.org/multer/-/multer-1.4.3.tgz"
  "version" "1.4.3"
  dependencies:
    "append-field" "^1.0.0"
    "busboy" "^0.2.11"
    "concat-stream" "^1.5.2"
    "mkdirp" "^0.5.4"
    "object-assign" "^4.1.1"
    "on-finished" "^2.3.0"
    "type-is" "^1.6.4"
    "xtend" "^4.0.0"

"negotiator@0.6.2":
  "integrity" "sha512-hZXc7K2e+PgeI1eDBe/10Ard4ekbfrrqG8Ep+8Jmf4JID2bNg7NvCPOZN+kfF574pFQI7mum2AUqDidoKqcTOw=="
  "resolved" "https://registry.npmjs.org/negotiator/-/negotiator-0.6.2.tgz"
  "version" "0.6.2"

"nth-check@~1.0.1":
  "integrity" "sha512-WeBOdju8SnzPN5vTUJYxYUxLeXpCaVP5i5e0LF8fg7WORF2Wd7wFX/pk0tYZk7s8T+J7VLy0Da6J1+wCT0AtHg=="
  "resolved" "https://registry.npmjs.org/nth-check/-/nth-check-1.0.2.tgz"
  "version" "1.0.2"
  dependencies:
    "boolbase" "~1.0.0"

"number-is-nan@^1.0.0":
  "integrity" "sha1-CXtgK1NCKlIsGvuHkDGDNpQaAR0="
  "resolved" "https://registry.npmjs.org/number-is-nan/-/number-is-nan-1.0.1.tgz"
  "version" "1.0.1"

"object-assign@^4", "object-assign@^4.1.0", "object-assign@^4.1.1":
  "integrity" "sha1-IQmtx5ZYh8/AXLvUQsrIv7s2CGM="
  "resolved" "https://registry.npmjs.org/object-assign/-/object-assign-4.1.1.tgz"
  "version" "4.1.1"

"on-finished@^2.3.0", "on-finished@~2.3.0":
  "integrity" "sha1-IPEzZIGwg811M3mSoWlxqi2QaUc="
  "resolved" "https://registry.npmjs.org/on-finished/-/on-finished-2.3.0.tgz"
  "version" "2.3.0"
  dependencies:
    "ee-first" "1.1.1"

"on-headers@~1.0.1":
  "integrity" "sha512-pZAE+FJLoyITytdqK0U5s+FIpjN0JP3OzFi/u8Rx+EV5/W+JTWGXG8xFzevE7AjBfDqHv/8vL8qQsIhHnqRkrA=="
  "resolved" "https://registry.npmjs.org/on-headers/-/on-headers-1.0.2.tgz"
  "version" "1.0.2"

"optimist@~0.3.5":
  "integrity" "sha1-yQlBrVnkJzMokjB00s8ufLxuwNk="
  "resolved" "https://registry.npmjs.org/optimist/-/optimist-0.3.7.tgz"
  "version" "0.3.7"
  dependencies:
    "wordwrap" "~0.0.2"

"parseurl@~1.3.2":
  "integrity" "sha512-CiyeOxFT/JZyN5m0z9PfXw4SCBJ6Sygz1Dpl0wqjlhDEGGBP1GnsUVEL0p63hoG1fcj3fHynXi9NYO4nWOL+qQ=="
  "resolved" "https://registry.npmjs.org/parseurl/-/parseurl-1.3.3.tgz"
  "version" "1.3.3"

"path-to-regexp@0.1.7":
  "integrity" "sha1-32BBeABfUi8V60SQ5yR6G/qmf4w="
  "resolved" "https://registry.npmjs.org/path-to-regexp/-/path-to-regexp-0.1.7.tgz"
  "version" "0.1.7"

"pcm-boilerplate@0.1.x":
  "integrity" "sha1-y4O0mf4lCMD2wYM4AD/OI54VCTE="
  "resolved" "https://registry.npmjs.org/pcm-boilerplate/-/pcm-boilerplate-0.1.1.tgz"
  "version" "0.1.1"
  dependencies:
    "async" "0.2.x"
    "chai" "1.7.x"
    "underscore" "1.4.x"

"pretty-bytes@^3.0.0":
  "integrity" "sha1-J9AAjXeAY6C0gRuzXHnxvV1fvM8="
  "resolved" "https://registry.npmjs.org/pretty-bytes/-/pretty-bytes-3.0.1.tgz"
  "version" "3.0.1"
  dependencies:
    "number-is-nan" "^1.0.0"

"process-nextick-args@~2.0.0":
  "integrity" "sha512-3ouUOpQhtgrbOa17J7+uxOTpITYWaGP7/AhoR3+A+/1e9skrzelGi/dXzEYyvbxubEF6Wn2ypscTKiKJFFn1ag=="
  "resolved" "https://registry.npmjs.org/process-nextick-args/-/process-nextick-args-2.0.1.tgz"
  "version" "2.0.1"

"promise@^6.0.0", "promise@^6.0.1":
  "integrity" "sha1-LOcp9rlLRcJoka0GAsXJDgTG7vY="
  "resolved" "https://registry.npmjs.org/promise/-/promise-6.1.0.tgz"
  "version" "6.1.0"
  dependencies:
    "asap" "~1.0.0"

"promise@^7.1.1":
  "integrity" "sha512-nolQXZ/4L+bP/UGlkfaIujX9BKxGwmQ9OT4mOt5yvy8iK1h3wqTEJCijzGANTCCl9nWjY41juyAn2K3Q1hLLTg=="
  "resolved" "https://registry.npmjs.org/promise/-/promise-7.3.1.tgz"
  "version" "7.3.1"
  dependencies:
    "asap" "~2.0.3"

"promise@~2.0":
  "integrity" "sha1-RmSKqdYFr10ucMMCS/WUNtoCuA4="
  "resolved" "https://registry.npmjs.org/promise/-/promise-2.0.0.tgz"
  "version" "2.0.0"
  dependencies:
    "is-promise" "~1"

"promise@~3.2.0":
  "integrity" "sha1-tND6KBvNXKnWreVWtp3VlHuau5Q="
  "resolved" "https://registry.npmjs.org/promise/-/promise-3.2.0.tgz"
  "version" "3.2.0"

"proxy-addr@~2.0.4":
  "integrity" "sha512-llQsMLSUDUPT44jdrU/O37qlnifitDP+ZwrmmZcoSKyLKvtZxpyV0n2/bD/N4tBAAZ/gJEdZU7KMraoK1+XYAg=="
  "resolved" "https://registry.npmjs.org/proxy-addr/-/proxy-addr-2.0.7.tgz"
  "version" "2.0.7"
  dependencies:
    "forwarded" "0.2.0"
    "ipaddr.js" "1.9.1"

"qs@^6.1.0", "qs@6.5.2":
  "integrity" "sha512-N5ZAX4/LxJmF+7wN74pUD6qAh9/wnvdQcjq9TZjevvXzSUo7bfmw91saqMjzGS2xq91/odN2dW/WOl7qQHNDGA=="
  "resolved" "https://registry.npmjs.org/qs/-/qs-6.5.2.tgz"
  "version" "6.5.2"

"range-parser@~1.2.0":
  "integrity" "sha512-Hrgsx+orqoygnmhFbKaHE6c296J+HTAQXoxEF6gNupROmmGJRoyzfG3ccAveqCBrwr/2yxQ5BVd/GTl5agOwSg=="
  "resolved" "https://registry.npmjs.org/range-parser/-/range-parser-1.2.1.tgz"
  "version" "1.2.1"

"raw-body@2.3.3":
  "integrity" "sha512-9esiElv1BrZoI3rCDuOuKCBRbuApGGaDPQfjSflGxdy4oyzqghxu6klEkkVIvBje+FF0BX9coEv8KqW6X/7njw=="
  "resolved" "https://registry.npmjs.org/raw-body/-/raw-body-2.3.3.tgz"
  "version" "2.3.3"
  dependencies:
    "bytes" "3.0.0"
    "http-errors" "1.6.3"
    "iconv-lite" "0.4.23"
    "unpipe" "1.0.0"

"readable-stream@^2.2.2":
  "integrity" "sha512-Ebho8K4jIbHAxnuxi7o42OrZgF/ZTNcsZj6nRKyUmkhLFq8CHItp/fy6hQZuZmP/n3yZ9VBUbp4zz/mX8hmYPw=="
  "resolved" "https://registry.npmjs.org/readable-stream/-/readable-stream-2.3.7.tgz"
  "version" "2.3.7"
  dependencies:
    "core-util-is" "~1.0.0"
    "inherits" "~2.0.3"
    "isarray" "~1.0.0"
    "process-nextick-args" "~2.0.0"
    "safe-buffer" "~5.1.1"
    "string_decoder" "~1.1.1"
    "util-deprecate" "~1.0.1"

"readable-stream@^3.1.1":
  "integrity" "sha512-BViHy7LKeTz4oNnkcLJ+lVSL6vpiFeX6/d3oSH8zCW7UxP2onchk+vTGB143xuFjHS3deTgkKoXXymXqymiIdA=="
  "resolved" "https://registry.npmjs.org/readable-stream/-/readable-stream-3.6.0.tgz"
  "version" "3.6.0"
  dependencies:
    "inherits" "^2.0.3"
    "string_decoder" "^1.1.1"
    "util-deprecate" "^1.0.1"

"readable-stream@1.0":
  "integrity" "sha1-Elgg40vIQtLyqq+v5MKRbuMsFXw="
  "resolved" "https://registry.npmjs.org/readable-stream/-/readable-stream-1.0.34.tgz"
  "version" "1.0.34"
  dependencies:
    "core-util-is" "~1.0.0"
    "inherits" "~2.0.1"
    "isarray" "0.0.1"
    "string_decoder" "~0.10.x"

"readable-stream@1.1.x":
  "integrity" "sha1-fPTFTvZI44EwhMY23SB54WbAgdk="
  "resolved" "https://registry.npmjs.org/readable-stream/-/readable-stream-1.1.14.tgz"
  "version" "1.1.14"
  dependencies:
    "core-util-is" "~1.0.0"
    "inherits" "~2.0.1"
    "isarray" "0.0.1"
    "string_decoder" "~0.10.x"

"repeat-string@^1.5.2":
  "integrity" "sha1-jcrkcOHIirwtYA//Sndihtp15jc="
  "resolved" "https://registry.npmjs.org/repeat-string/-/repeat-string-1.6.1.tgz"
  "version" "1.6.1"

"resolve-url@^0.2.1":
  "integrity" "sha1-LGN/53yJOv0qZj/iGqkIAGjiBSo="
  "resolved" "https://registry.npmjs.org/resolve-url/-/resolve-url-0.2.1.tgz"
  "version" "0.2.1"

"right-align@^0.1.1":
  "integrity" "sha1-YTObci/mo1FWiSENJOFMlhSGE+8="
  "resolved" "https://registry.npmjs.org/right-align/-/right-align-0.1.3.tgz"
  "version" "0.1.3"
  dependencies:
    "align-text" "^0.1.1"

"safe-buffer@~5.1.0", "safe-buffer@~5.1.1", "safe-buffer@5.1.2":
  "integrity" "sha512-Gd2UZBJDkXlY7GbJxfsE8/nvKkUEU1G38c1siN6QP6a9PT9MmHB8GnpscSmMJSoF8LOIrt8ud/wPtojys4G6+g=="
  "resolved" "https://registry.npmjs.org/safe-buffer/-/safe-buffer-5.1.2.tgz"
  "version" "5.1.2"

"safe-buffer@~5.2.0":
  "integrity" "sha512-rp3So07KcdmmKbGvgaNxQSJr7bGVSVk5S9Eq1F+ppbRo70+YeaDxkw5Dd8NPN+GD6bjnYm2VuPuCXmpuYvmCXQ=="
  "resolved" "https://registry.npmjs.org/safe-buffer/-/safe-buffer-5.2.1.tgz"
  "version" "5.2.1"

"safer-buffer@>= 2.1.2 < 3":
  "integrity" "sha512-YZo3K82SD7Riyi0E1EQPojLz7kpepnSQI9IyPbHHg1XXXevb5dJI7tpyN2ADxGcQbHG7vcyRHk0cbwqcQriUtg=="
  "resolved" "https://registry.npmjs.org/safer-buffer/-/safer-buffer-2.1.2.tgz"
  "version" "2.1.2"

"send@0.16.2":
  "integrity" "sha512-E64YFPUssFHEFBvpbbjr44NCLtI1AohxQ8ZSiJjQLskAdKuriYEP6VyGEsRDH8ScozGpkaX1BGvhanqCwkcEZw=="
  "resolved" "https://registry.npmjs.org/send/-/send-0.16.2.tgz"
  "version" "0.16.2"
  dependencies:
    "debug" "2.6.9"
    "depd" "~1.1.2"
    "destroy" "~1.0.4"
    "encodeurl" "~1.0.2"
    "escape-html" "~1.0.3"
    "etag" "~1.8.1"
    "fresh" "0.5.2"
    "http-errors" "~1.6.2"
    "mime" "1.4.1"
    "ms" "2.0.0"
    "on-finished" "~2.3.0"
    "range-parser" "~1.2.0"
    "statuses" "~1.4.0"

"serve-static@1.13.2":
  "integrity" "sha512-p/tdJrO4U387R9oMjb1oj7qSMaMfmOyd4j9hOFoxZe2baQszgHcSWjuya/CiT5kgZZKRudHNOA0pYXOl8rQ5nw=="
  "resolved" "https://registry.npmjs.org/serve-static/-/serve-static-1.13.2.tgz"
  "version" "1.13.2"
  dependencies:
    "encodeurl" "~1.0.2"
    "escape-html" "~1.0.3"
    "parseurl" "~1.3.2"
    "send" "0.16.2"

"setprototypeof@1.1.0":
  "integrity" "sha512-BvE/TwpZX4FXExxOxZyRGQQv651MSwmWKZGqvmPcRIjDqWub67kTKuIMx43cZZrS/cBBzwBcNDWoFxt2XEFIpQ=="
  "resolved" "https://registry.npmjs.org/setprototypeof/-/setprototypeof-1.1.0.tgz"
  "version" "1.1.0"

"source-map-resolve@^0.5.2":
  "integrity" "sha512-Htz+RnsXWk5+P2slx5Jh3Q66vhQj1Cllm0zvnaY98+NFx+Dv2CF/f5O/t8x+KaNdrdIAsruNzoh/KpialbqAnw=="
  "resolved" "https://registry.npmjs.org/source-map-resolve/-/source-map-resolve-0.5.3.tgz"
  "version" "0.5.3"
  dependencies:
    "atob" "^2.1.2"
    "decode-uri-component" "^0.2.0"
    "resolve-url" "^0.2.1"
    "source-map-url" "^0.4.0"
    "urix" "^0.1.0"

"source-map-url@^0.4.0":
  "integrity" "sha512-cPiFOTLUKvJFIg4SKVScy4ilPPW6rFgMgfuZJPNoDuMs3nC1HbMUycBoJw77xFIp6z1UJQJOfx6C9GMH80DiTw=="
  "resolved" "https://registry.npmjs.org/source-map-url/-/source-map-url-0.4.1.tgz"
  "version" "0.4.1"

"source-map@^0.6.1":
  "integrity" "sha512-UjgapumWlbMhkBgzT7Ykc5YXUT46F0iKu8SGXq0bcwP5dz/h0Plj6enJqjz1Zbq2l5WaqYnrVbwWOWMyF3F47g=="
  "resolved" "https://registry.npmjs.org/source-map/-/source-map-0.6.1.tgz"
  "version" "0.6.1"

"source-map@~0.1.7":
  "integrity" "sha1-wkvBRspRfBRx9drL4lcbK3+eM0Y="
  "resolved" "https://registry.npmjs.org/source-map/-/source-map-0.1.43.tgz"
  "version" "0.1.43"
  dependencies:
    "amdefine" ">=0.0.4"

"source-map@~0.5.1":
  "integrity" "sha1-igOdLRAh0i0eoUyA2OpGi6LvP8w="
  "resolved" "https://registry.npmjs.org/source-map/-/source-map-0.5.7.tgz"
  "version" "0.5.7"

"source-map@0.4.x":
  "integrity" "sha1-66T12pwNyZneaAMti092FzZSA2s="
  "resolved" "https://registry.npmjs.org/source-map/-/source-map-0.4.4.tgz"
  "version" "0.4.4"
  dependencies:
    "amdefine" ">=0.0.4"

"statuses@>= 1.4.0 < 2", "statuses@~1.4.0":
  "integrity" "sha512-zhSCtt8v2NDrRlPQpCNtw/heZLtfUDqxBM1udqikb/Hbk52LK4nQSwr10u77iopCW5LsyHpuXS0GnEc48mLeew=="
  "resolved" "https://registry.npmjs.org/statuses/-/statuses-1.4.0.tgz"
  "version" "1.4.0"

"stop@^3.1.0":
  "integrity" "sha1-8ti6wyihk8dzbLCodd6yq12txYM="
  "resolved" "https://registry.npmjs.org/stop/-/stop-3.1.0.tgz"
  "version" "3.1.0"
  dependencies:
    "barrage" "^1.0.0"
    "chalk" "^1.1.0"
    "cheerio" "^0.22.0"
    "clean-css" "^3.4.19"
    "css" "^2.1.0"
    "cssdeps" "^1.0.0"
    "figures" "^1.3.3"
    "htmldeps" "^1.1.0"
    "mkdirp" "^0.5.1"
    "pretty-bytes" "^3.0.0"
    "promise" "^7.1.1"
    "then-request" "^2.2.0"
    "throat" "~1.0.0"
    "uglify-js" "^2.7.0"

"streamsearch@0.1.2":
  "integrity" "sha1-gIudDlb8Jz2Am6VzOOkpkZoanxo="
  "resolved" "https://registry.npmjs.org/streamsearch/-/streamsearch-0.1.2.tgz"
  "version" "0.1.2"

"string_decoder@^1.1.1":
  "integrity" "sha512-hkRX8U1WjJFd8LsDJ2yQ/wWWxaopEsABU1XfkM8A+j0+85JAGppt16cr1Whg6KIbb4okU6Mql6BOj+uup/wKeA=="
  "resolved" "https://registry.npmjs.org/string_decoder/-/string_decoder-1.3.0.tgz"
  "version" "1.3.0"
  dependencies:
    "safe-buffer" "~5.2.0"

"string_decoder@~0.10.x":
  "integrity" "sha1-YuIDvEF2bGwoyfyEMB2rHFMQ+pQ="
  "resolved" "https://registry.npmjs.org/string_decoder/-/string_decoder-0.10.31.tgz"
  "version" "0.10.31"

"string_decoder@~1.1.1":
  "integrity" "sha512-n/ShnvDi6FHbbVfviro+WojiFzv+s8MPMHBczVePfUpDJLwoLT0ht1l4YwBCbi8pJAveEEdnkHyPyTP/mzRfwg=="
  "resolved" "https://registry.npmjs.org/string_decoder/-/string_decoder-1.1.1.tgz"
  "version" "1.1.1"
  dependencies:
    "safe-buffer" "~5.1.0"

"strip-ansi@^3.0.0":
  "integrity" "sha1-ajhfuIU9lS1f8F0Oiq+UJ43GPc8="
  "resolved" "https://registry.npmjs.org/strip-ansi/-/strip-ansi-3.0.1.tgz"
  "version" "3.0.1"
  dependencies:
    "ansi-regex" "^2.0.0"

"supports-color@^2.0.0":
  "integrity" "sha1-U10EXOa2Nj+kARcIRimZXp3zJMc="
  "resolved" "https://registry.npmjs.org/supports-color/-/supports-color-2.0.0.tgz"
  "version" "2.0.0"

"then-request@^2.2.0":
  "integrity" "sha1-ZnizL6DKIY/laZgbvYhxtZQGDYE="
  "resolved" "https://registry.npmjs.org/then-request/-/then-request-2.2.0.tgz"
  "version" "2.2.0"
  dependencies:
    "caseless" "~0.11.0"
    "concat-stream" "^1.4.7"
    "http-basic" "^2.5.1"
    "http-response-object" "^1.1.0"
    "promise" "^7.1.1"
    "qs" "^6.1.0"

"throat@~1.0.0":
  "integrity" "sha1-BMng+c6I4lDbYw/eq8LluxUqBiU="
  "resolved" "https://registry.npmjs.org/throat/-/throat-1.0.0.tgz"
  "version" "1.0.0"
  dependencies:
    "promise" "~3.2.0"

"through@~2.3.4":
  "integrity" "sha1-DdTJ/6q8NXlgsbckEV1+Doai4fU="
  "resolved" "https://registry.npmjs.org/through/-/through-2.3.8.tgz"
  "version" "2.3.8"

"transformers@2.1.0":
  "integrity" "sha1-XSPLNVYd2F3Gf7hIIwm0fVPM6ac="
  "resolved" "https://registry.npmjs.org/transformers/-/transformers-2.1.0.tgz"
  "version" "2.1.0"
  dependencies:
    "css" "~1.0.8"
    "promise" "~2.0"
    "uglify-js" "~2.2.5"

"type-is@^1.6.4", "type-is@~1.6.16":
  "integrity" "sha512-TkRKr9sUTxEH8MdfuCSP7VizJyzRNMjj2J2do2Jr3Kym598JVdEksuzPQCnlFPW4ky9Q+iA+ma9BGm06XQBy8g=="
  "resolved" "https://registry.npmjs.org/type-is/-/type-is-1.6.18.tgz"
  "version" "1.6.18"
  dependencies:
    "media-typer" "0.3.0"
    "mime-types" "~2.1.24"

"typedarray@^0.0.6":
  "integrity" "sha1-hnrHTjhkGHsdPUfZlqeOxciDB3c="
  "resolved" "https://registry.npmjs.org/typedarray/-/typedarray-0.0.6.tgz"
  "version" "0.0.6"

"uglify-js@^2.4.19", "uglify-js@^2.7.0":
  "integrity" "sha1-KcVzMUgFe7Th913zW3qcty5qWd0="
  "resolved" "https://registry.npmjs.org/uglify-js/-/uglify-js-2.8.29.tgz"
  "version" "2.8.29"
  dependencies:
    "source-map" "~0.5.1"
    "yargs" "~3.10.0"
  optionalDependencies:
    "uglify-to-browserify" "~1.0.0"

"uglify-js@~2.2.5":
  "integrity" "sha1-puAqcNg5eSuXgEiLe4sYTAlcmcc="
  "resolved" "https://registry.npmjs.org/uglify-js/-/uglify-js-2.2.5.tgz"
  "version" "2.2.5"
  dependencies:
    "optimist" "~0.3.5"
    "source-map" "~0.1.7"

"uglify-to-browserify@~1.0.0":
  "integrity" "sha1-bgkk1r2mta/jSeOabWMoUKD4grc="
  "resolved" "https://registry.npmjs.org/uglify-to-browserify/-/uglify-to-browserify-1.0.2.tgz"
  "version" "1.0.2"

"underscore@1.4.x":
  "integrity" "sha1-YaajIBBiKvoHljvzJSA88SI51gQ="
  "resolved" "https://registry.npmjs.org/underscore/-/underscore-1.4.4.tgz"
  "version" "1.4.4"

"underscore@1.8.x":
  "integrity" "sha1-Tz+1OxBuYJf8+ctBCfKl6b36UCI="
  "resolved" "https://registry.npmjs.org/underscore/-/underscore-1.8.3.tgz"
  "version" "1.8.3"

"unpipe@~1.0.0", "unpipe@1.0.0":
  "integrity" "sha1-sr9O6FFKrmFltIF4KdIbLvSZBOw="
  "resolved" "https://registry.npmjs.org/unpipe/-/unpipe-1.0.0.tgz"
  "version" "1.0.0"

"urix@^0.1.0":
  "integrity" "sha1-2pN/emLiH+wf0Y1Js1wpNQZ6bHI="
  "resolved" "https://registry.npmjs.org/urix/-/urix-0.1.0.tgz"
  "version" "0.1.0"

"util-deprecate@^1.0.1", "util-deprecate@~1.0.1":
  "integrity" "sha1-RQ1Nyfpw3nMnYvvS1KKJgUGaDM8="
  "resolved" "https://registry.npmjs.org/util-deprecate/-/util-deprecate-1.0.2.tgz"
  "version" "1.0.2"

"utils-merge@1.0.1":
  "integrity" "sha1-n5VxD1CiZ5R7LMwSR0HBAoQn5xM="
  "resolved" "https://registry.npmjs.org/utils-merge/-/utils-merge-1.0.1.tgz"
  "version" "1.0.1"

"vary@^1", "vary@~1.1.2":
  "integrity" "sha1-IpnwLG3tMNSllhsLn3RSShj2NPw="
  "resolved" "https://registry.npmjs.org/vary/-/vary-1.1.2.tgz"
  "version" "1.1.2"

"void-elements@~2.0.1":
  "integrity" "sha1-wGavtYK7HLQSjWDqkjkulNXp2+w="
  "resolved" "https://registry.npmjs.org/void-elements/-/void-elements-2.0.1.tgz"
  "version" "2.0.1"

"waveform-data@^4.3.0":
  "integrity" "sha512-gddZgTV1dM8Mfaqn+mCJjwTAc7O/GbX2LgOrijRCHEGC60ZVdd/qTzrgEcCE5MfBoBPgwQ85huy1icSf5IZY5Q=="
  "resolved" "https://registry.npmjs.org/waveform-data/-/waveform-data-4.3.0.tgz"
  "version" "4.3.0"

"waveform-generator-web@^0.0.4":
  "integrity" "sha512-xX4d6UNAkvRwl0tk4KTmPQn4Ld1Hc2cUcNxm1IfM2TlxJffTUq37pq62g5Gm4tZJ5fS36lSGRdjKaq353kwM6A=="
  "resolved" "https://registry.npmjs.org/waveform-generator-web/-/waveform-generator-web-0.0.4.tgz"
  "version" "0.0.4"

"waveform-generator@^1.1.0":
  "integrity" "sha512-n5W3Cn4LNH4/JsWLZ0/vFchS0z3cka3DihsANT/ul8QE7TZ8+yGy76Q+UGGKePGGS45mc8Czu9uAzgfWD0QmVg=="
  "resolved" "https://registry.npmjs.org/waveform-generator/-/waveform-generator-1.1.0.tgz"
  "version" "1.1.0"
  dependencies:
    "web-audio-api" "^0.2.2"
    "webaudio-peaks" "0.0.6"

"web-audio-api@^0.2.2":
  "integrity" "sha1-KlBItcI9a3lgXU7yT9e8MPM43iM="
  "resolved" "https://registry.npmjs.org/web-audio-api/-/web-audio-api-0.2.2.tgz"
  "version" "0.2.2"
  dependencies:
    "aac" "0.1.x"
    "alac" "0.1.x"
    "async" "0.9.x"
    "audiobuffer" "0.2.x"
    "av" "0.4.x"
    "flac" "0.3.x"
    "mp3" "0.1.x"
    "pcm-boilerplate" "0.1.x"
    "underscore" "1.8.x"

"webaudio-peaks@0.0.6":
  "integrity" "sha1-DFeqnU/ZT68/UzI9vj9Xcnux6zQ="
  "resolved" "https://registry.npmjs.org/webaudio-peaks/-/webaudio-peaks-0.0.6.tgz"
  "version" "0.0.6"

"window-size@0.1.0":
  "integrity" "sha1-VDjNLqk7IC76Ohn+iIeu58lPnJ0="
  "resolved" "https://registry.npmjs.org/window-size/-/window-size-0.1.0.tgz"
  "version" "0.1.0"

"with@~4.0.0":
  "integrity" "sha1-7v0VTp550sjTQXtkeo8U2f7M4U4="
  "resolved" "https://registry.npmjs.org/with/-/with-4.0.3.tgz"
  "version" "4.0.3"
  dependencies:
    "acorn" "^1.0.1"
    "acorn-globals" "^1.0.3"

"wordwrap@~0.0.2", "wordwrap@0.0.2":
  "integrity" "sha1-t5Zpu0LstAn4PVg8rVLKF+qhZD8="
  "resolved" "https://registry.npmjs.org/wordwrap/-/wordwrap-0.0.2.tgz"
  "version" "0.0.2"

"xtend@^4.0.0":
  "integrity" "sha512-LKYU1iAXJXUgAXn9URjiu+MWhyUXHsvfp7mcuYm9dSUKK0/CjtrUwFAxD82/mCWbtLsGjFIad0wIsod4zrTAEQ=="
  "resolved" "https://registry.npmjs.org/xtend/-/xtend-4.0.2.tgz"
  "version" "4.0.2"

"yargs@~3.10.0":
  "integrity" "sha1-9+572FfdfB0tOMDnTvvWgdFDH9E="
  "resolved" "https://registry.npmjs.org/yargs/-/yargs-3.10.0.tgz"
  "version" "3.10.0"
  dependencies:
    "camelcase" "^1.0.2"
    "cliui" "^2.1.0"
    "decamelize" "^1.0.0"
    "window-size" "0.1.0"
